
Microsoft Visual Studio Solution File, Format Version 12.00
# Visual Studio 15
VisualStudioVersion = 15.0.28307.136
MinimumVisualStudioVersion = 10.0.40219.1
Project("{8BC9CEB8-8B4A-11D0-8D11-00A0C91BC942}") = "kalkulacka", "kalkulacka\kalkulacka.vcxproj", "{05B0BDFF-2309-4593-8473-814F06FE8B11}"
EndProject
Global
	GlobalSection(SolutionConfigurationPlatforms) = preSolution
		Debug|x64 = Debug|x64
		Debug|x86 = Debug|x86
		Release|x64 = Release|x64
		Release|x86 = Release|x86
	EndGlobalSection
	GlobalSection(ProjectConfigurationPlatforms) = postSolution
		{05B0BDFF-2309-4593-8473-814F06FE8B11}.Debug|x64.ActiveCfg = Debug|x64
		{05B0BDFF-2309-4593-8473-814F06FE8B11}.Debug|x64.Build.0 = Debug|x64
		{05B0BDFF-2309-4593-8473-814F06FE8B11}.Debug|x86.ActiveCfg = Debug|Win32
		{05B0BDFF-2309-4593-8473-814F06FE8B11}.Debug|x86.Build.0 = Debug|Win32
		{05B0BDFF-2309-4593-8473-814F06FE8B11}.Release|x64.ActiveCfg = Release|x64
		{05B0BDFF-2309-4593-8473-814F06FE8B11}.Release|x64.Build.0 = Release|x64
		{05B0BDFF-2309-4593-8473-814F06FE8B11}.Release|x86.ActiveCfg = Release|Win32
		{05B0BDFF-2309-4593-8473-814F06FE8B11}.Release|x86.Build.0 = Release|Win32
	EndGlobalSection
	GlobalSection(SolutionProperties) = preSolution
		HideSolutionNode = FALSE
	EndGlobalSection
	GlobalSection(ExtensibilityGlobals) = postSolution
		SolutionGuid = {212E80F6-9E21-4190-A6B5-44222DCDB186}
	EndGlobalSection
EndGlobal
